
Microsoft Visual Studio Solution File, Format Version 12.00
# Visual Studio Version 17
VisualStudioVersion = 17.9.34728.123
MinimumVisualStudioVersion = 10.0.40219.1
Project("{FAE04EC0-301F-11D3-BF4B-00C04F79EFBC}") = "Hipotenusa", "Hipotenusa\Hipotenusa.csproj", "{AC644988-D252-4711-A729-76A95F055C57}"
EndProject
Global
	GlobalSection(SolutionConfigurationPlatforms) = preSolution
		Debug|Any CPU = Debug|Any CPU
		Release|Any CPU = Release|Any CPU
	EndGlobalSection
	GlobalSection(ProjectConfigurationPlatforms) = postSolution
		{AC644988-D252-4711-A729-76A95F055C57}.Debug|Any CPU.ActiveCfg = Debug|Any CPU
		{AC644988-D252-4711-A729-76A95F055C57}.Debug|Any CPU.Build.0 = Debug|Any CPU
		{AC644988-D252-4711-A729-76A95F055C57}.Release|Any CPU.ActiveCfg = Release|Any CPU
		{AC644988-D252-4711-A729-76A95F055C57}.Release|Any CPU.Build.0 = Release|Any CPU
	EndGlobalSection
	GlobalSection(SolutionProperties) = preSolution
		HideSolutionNode = FALSE
	EndGlobalSection
	GlobalSection(ExtensibilityGlobals) = postSolution
		SolutionGuid = {454402F7-5F04-4977-BA7B-B095B38097D3}
	EndGlobalSection
EndGlobal
